
Microsoft Visual Studio Solution File, Format Version 12.00
# Visual Studio 15
VisualStudioVersion = 15.0.27130.2027
MinimumVisualStudioVersion = 10.0.40219.1
Project("{FAE04EC0-301F-11D3-BF4B-00C04F79EFBC}") = "Language", "Language\Language.csproj", "{757400E1-0E30-453A-AFFF-A04B5CF5AA4C}"
EndProject
Global
	GlobalSection(SolutionConfigurationPlatforms) = preSolution
		Debug|Any CPU = Debug|Any CPU
		Release|Any CPU = Release|Any CPU
	EndGlobalSection
	GlobalSection(ProjectConfigurationPlatforms) = postSolution
		{757400E1-0E30-453A-AFFF-A04B5CF5AA4C}.Debug|Any CPU.ActiveCfg = Debug|Any CPU
		{757400E1-0E30-453A-AFFF-A04B5CF5AA4C}.Debug|Any CPU.Build.0 = Debug|Any CPU
		{757400E1-0E30-453A-AFFF-A04B5CF5AA4C}.Release|Any CPU.ActiveCfg = Release|Any CPU
		{757400E1-0E30-453A-AFFF-A04B5CF5AA4C}.Release|Any CPU.Build.0 = Release|Any CPU
	EndGlobalSection
	GlobalSection(SolutionProperties) = preSolution
		HideSolutionNode = FALSE
	EndGlobalSection
	GlobalSection(ExtensibilityGlobals) = postSolution
		SolutionGuid = {C4867B44-AE40-4C91-A6C8-C99A03DC3696}
	EndGlobalSection
EndGlobal
