
Microsoft Visual Studio Solution File, Format Version 12.00
# Visual Studio 15
VisualStudioVersion = 15.0.27703.2000
MinimumVisualStudioVersion = 10.0.40219.1
Project("{FAE04EC0-301F-11D3-BF4B-00C04F79EFBC}") = "ArcadiaCourse", "ArcadiaCourse\ArcadiaCourse.csproj", "{84B74911-7740-4C8B-B600-EA5BDB7AD487}"
EndProject
Global
	GlobalSection(SolutionConfigurationPlatforms) = preSolution
		Debug|Any CPU = Debug|Any CPU
		Release|Any CPU = Release|Any CPU
	EndGlobalSection
	GlobalSection(ProjectConfigurationPlatforms) = postSolution
		{84B74911-7740-4C8B-B600-EA5BDB7AD487}.Debug|Any CPU.ActiveCfg = Debug|Any CPU
		{84B74911-7740-4C8B-B600-EA5BDB7AD487}.Debug|Any CPU.Build.0 = Debug|Any CPU
		{84B74911-7740-4C8B-B600-EA5BDB7AD487}.Release|Any CPU.ActiveCfg = Release|Any CPU
		{84B74911-7740-4C8B-B600-EA5BDB7AD487}.Release|Any CPU.Build.0 = Release|Any CPU
	EndGlobalSection
	GlobalSection(SolutionProperties) = preSolution
		HideSolutionNode = FALSE
	EndGlobalSection
	GlobalSection(ExtensibilityGlobals) = postSolution
		SolutionGuid = {C4867B44-AE40-4C91-A6C8-C99A03DC3696}
	EndGlobalSection
EndGlobal
